
Microsoft Visual Studio Solution File, Format Version 12.00
# Visual Studio Version 16
VisualStudioVersion = 16.0.31321.278
MinimumVisualStudioVersion = 10.0.40219.1
Project("{FAE04EC0-301F-11D3-BF4B-00C04F79EFBC}") = "01.CountCharsInAString", "01.CountCharsInAString\01.CountCharsInAString.csproj", "{2ABA3337-E8E0-41AE-9006-A53A90FF00C3}"
EndProject
Project("{FAE04EC0-301F-11D3-BF4B-00C04F79EFBC}") = "02.MinerTask", "02.MinerTask\02.MinerTask.csproj", "{502BE0C2-A2D5-4E0E-BFCE-3A1AD1FAFA05}"
EndProject
Project("{FAE04EC0-301F-11D3-BF4B-00C04F79EFBC}") = "03.LegendaryFarming", "03.LegendaryFarming\03.LegendaryFarming.csproj", "{6A0F12ED-FAB5-4CCB-96D1-3DD4A65D4D08}"
EndProject
Project("{FAE04EC0-301F-11D3-BF4B-00C04F79EFBC}") = "04.Orders", "04.Orders\04.Orders.csproj", "{92A11201-7646-44B4-8DED-1E4531D985FD}"
EndProject
Project("{FAE04EC0-301F-11D3-BF4B-00C04F79EFBC}") = "05.SoftuniParking", "05.SoftuniParking\05.SoftuniParking.csproj", "{2FD239CD-B6DC-4A59-96C7-4DB621A98AB4}"
EndProject
Global
	GlobalSection(SolutionConfigurationPlatforms) = preSolution
		Debug|Any CPU = Debug|Any CPU
		Release|Any CPU = Release|Any CPU
	EndGlobalSection
	GlobalSection(ProjectConfigurationPlatforms) = postSolution
		{2ABA3337-E8E0-41AE-9006-A53A90FF00C3}.Debug|Any CPU.ActiveCfg = Debug|Any CPU
		{2ABA3337-E8E0-41AE-9006-A53A90FF00C3}.Debug|Any CPU.Build.0 = Debug|Any CPU
		{2ABA3337-E8E0-41AE-9006-A53A90FF00C3}.Release|Any CPU.ActiveCfg = Release|Any CPU
		{2ABA3337-E8E0-41AE-9006-A53A90FF00C3}.Release|Any CPU.Build.0 = Release|Any CPU
		{502BE0C2-A2D5-4E0E-BFCE-3A1AD1FAFA05}.Debug|Any CPU.ActiveCfg = Debug|Any CPU
		{502BE0C2-A2D5-4E0E-BFCE-3A1AD1FAFA05}.Debug|Any CPU.Build.0 = Debug|Any CPU
		{502BE0C2-A2D5-4E0E-BFCE-3A1AD1FAFA05}.Release|Any CPU.ActiveCfg = Release|Any CPU
		{502BE0C2-A2D5-4E0E-BFCE-3A1AD1FAFA05}.Release|Any CPU.Build.0 = Release|Any CPU
		{6A0F12ED-FAB5-4CCB-96D1-3DD4A65D4D08}.Debug|Any CPU.ActiveCfg = Debug|Any CPU
		{6A0F12ED-FAB5-4CCB-96D1-3DD4A65D4D08}.Debug|Any CPU.Build.0 = Debug|Any CPU
		{6A0F12ED-FAB5-4CCB-96D1-3DD4A65D4D08}.Release|Any CPU.ActiveCfg = Release|Any CPU
		{6A0F12ED-FAB5-4CCB-96D1-3DD4A65D4D08}.Release|Any CPU.Build.0 = Release|Any CPU
		{92A11201-7646-44B4-8DED-1E4531D985FD}.Debug|Any CPU.ActiveCfg = Debug|Any CPU
		{92A11201-7646-44B4-8DED-1E4531D985FD}.Debug|Any CPU.Build.0 = Debug|Any CPU
		{92A11201-7646-44B4-8DED-1E4531D985FD}.Release|Any CPU.ActiveCfg = Release|Any CPU
		{92A11201-7646-44B4-8DED-1E4531D985FD}.Release|Any CPU.Build.0 = Release|Any CPU
		{2FD239CD-B6DC-4A59-96C7-4DB621A98AB4}.Debug|Any CPU.ActiveCfg = Debug|Any CPU
		{2FD239CD-B6DC-4A59-96C7-4DB621A98AB4}.Debug|Any CPU.Build.0 = Debug|Any CPU
		{2FD239CD-B6DC-4A59-96C7-4DB621A98AB4}.Release|Any CPU.ActiveCfg = Release|Any CPU
		{2FD239CD-B6DC-4A59-96C7-4DB621A98AB4}.Release|Any CPU.Build.0 = Release|Any CPU
	EndGlobalSection
	GlobalSection(SolutionProperties) = preSolution
		HideSolutionNode = FALSE
	EndGlobalSection
	GlobalSection(ExtensibilityGlobals) = postSolution
		SolutionGuid = {B3C1F510-DDED-4405-A2E2-0593DE9CA547}
	EndGlobalSection
EndGlobal
