
Microsoft Visual Studio Solution File, Format Version 12.00
# Visual Studio Version 16
VisualStudioVersion = 16.0.31321.278
MinimumVisualStudioVersion = 10.0.40219.1
Project("{FAE04EC0-301F-11D3-BF4B-00C04F79EFBC}") = "01.Train", "01.Train\01.Train.csproj", "{97DD8B4A-3643-43D6-959A-C9F8542141E1}"
EndProject
Project("{FAE04EC0-301F-11D3-BF4B-00C04F79EFBC}") = "02.CommonElement", "02.CommonElement\02.CommonElement.csproj", "{59D4F30A-2FD2-4D41-8ACD-0C272ECD1837}"
EndProject
Project("{FAE04EC0-301F-11D3-BF4B-00C04F79EFBC}") = "03.ZigZagArrays", "03.ZigZagArrays\03.ZigZagArrays.csproj", "{E73865C6-6B7B-4705-8DE2-D015052EB22C}"
EndProject
Project("{FAE04EC0-301F-11D3-BF4B-00C04F79EFBC}") = "04.ArrayRotation", "04.ArrayRotation\04.ArrayRotation.csproj", "{52D56630-56DF-400E-8FCC-B010B53FECEA}"
EndProject
Project("{FAE04EC0-301F-11D3-BF4B-00C04F79EFBC}") = "05.TopIntiger", "05.TopIntiger\05.TopIntiger.csproj", "{74EB1113-35B3-41B1-A802-60749599EAAC}"
EndProject
Project("{FAE04EC0-301F-11D3-BF4B-00C04F79EFBC}") = "06.EqualSums", "06.EqualSums\06.EqualSums.csproj", "{1C762B7A-3599-443B-BDA6-69420E35669D}"
EndProject
Project("{FAE04EC0-301F-11D3-BF4B-00C04F79EFBC}") = "07.MaxSequenceOfEqualElements", "07.MaxSequenceOfEqualElements\07.MaxSequenceOfEqualElements.csproj", "{29EF8AA0-51FC-455E-A0B0-81E30F35A526}"
EndProject
Project("{FAE04EC0-301F-11D3-BF4B-00C04F79EFBC}") = "08.MagicSum", "08.MagicSum\08.MagicSum.csproj", "{86D3C834-4D82-4B19-8ACC-C8CA4C45FD39}"
EndProject
Project("{FAE04EC0-301F-11D3-BF4B-00C04F79EFBC}") = "09.KaminoFactory", "09.KaminoFactory\09.KaminoFactory.csproj", "{E13A4E16-C4DB-4CEA-9405-6DFAF1DE1FBB}"
EndProject
Project("{FAE04EC0-301F-11D3-BF4B-00C04F79EFBC}") = "10.LadyBugs", "10.LadyBugs\10.LadyBugs.csproj", "{4F48B1CA-3621-4B84-9317-9DD5B67C6B23}"
EndProject
Global
	GlobalSection(SolutionConfigurationPlatforms) = preSolution
		Debug|Any CPU = Debug|Any CPU
		Release|Any CPU = Release|Any CPU
	EndGlobalSection
	GlobalSection(ProjectConfigurationPlatforms) = postSolution
		{97DD8B4A-3643-43D6-959A-C9F8542141E1}.Debug|Any CPU.ActiveCfg = Debug|Any CPU
		{97DD8B4A-3643-43D6-959A-C9F8542141E1}.Debug|Any CPU.Build.0 = Debug|Any CPU
		{97DD8B4A-3643-43D6-959A-C9F8542141E1}.Release|Any CPU.ActiveCfg = Release|Any CPU
		{97DD8B4A-3643-43D6-959A-C9F8542141E1}.Release|Any CPU.Build.0 = Release|Any CPU
		{59D4F30A-2FD2-4D41-8ACD-0C272ECD1837}.Debug|Any CPU.ActiveCfg = Debug|Any CPU
		{59D4F30A-2FD2-4D41-8ACD-0C272ECD1837}.Debug|Any CPU.Build.0 = Debug|Any CPU
		{59D4F30A-2FD2-4D41-8ACD-0C272ECD1837}.Release|Any CPU.ActiveCfg = Release|Any CPU
		{59D4F30A-2FD2-4D41-8ACD-0C272ECD1837}.Release|Any CPU.Build.0 = Release|Any CPU
		{E73865C6-6B7B-4705-8DE2-D015052EB22C}.Debug|Any CPU.ActiveCfg = Debug|Any CPU
		{E73865C6-6B7B-4705-8DE2-D015052EB22C}.Debug|Any CPU.Build.0 = Debug|Any CPU
		{E73865C6-6B7B-4705-8DE2-D015052EB22C}.Release|Any CPU.ActiveCfg = Release|Any CPU
		{E73865C6-6B7B-4705-8DE2-D015052EB22C}.Release|Any CPU.Build.0 = Release|Any CPU
		{52D56630-56DF-400E-8FCC-B010B53FECEA}.Debug|Any CPU.ActiveCfg = Debug|Any CPU
		{52D56630-56DF-400E-8FCC-B010B53FECEA}.Debug|Any CPU.Build.0 = Debug|Any CPU
		{52D56630-56DF-400E-8FCC-B010B53FECEA}.Release|Any CPU.ActiveCfg = Release|Any CPU
		{52D56630-56DF-400E-8FCC-B010B53FECEA}.Release|Any CPU.Build.0 = Release|Any CPU
		{74EB1113-35B3-41B1-A802-60749599EAAC}.Debug|Any CPU.ActiveCfg = Debug|Any CPU
		{74EB1113-35B3-41B1-A802-60749599EAAC}.Debug|Any CPU.Build.0 = Debug|Any CPU
		{74EB1113-35B3-41B1-A802-60749599EAAC}.Release|Any CPU.ActiveCfg = Release|Any CPU
		{74EB1113-35B3-41B1-A802-60749599EAAC}.Release|Any CPU.Build.0 = Release|Any CPU
		{1C762B7A-3599-443B-BDA6-69420E35669D}.Debug|Any CPU.ActiveCfg = Debug|Any CPU
		{1C762B7A-3599-443B-BDA6-69420E35669D}.Debug|Any CPU.Build.0 = Debug|Any CPU
		{1C762B7A-3599-443B-BDA6-69420E35669D}.Release|Any CPU.ActiveCfg = Release|Any CPU
		{1C762B7A-3599-443B-BDA6-69420E35669D}.Release|Any CPU.Build.0 = Release|Any CPU
		{29EF8AA0-51FC-455E-A0B0-81E30F35A526}.Debug|Any CPU.ActiveCfg = Debug|Any CPU
		{29EF8AA0-51FC-455E-A0B0-81E30F35A526}.Debug|Any CPU.Build.0 = Debug|Any CPU
		{29EF8AA0-51FC-455E-A0B0-81E30F35A526}.Release|Any CPU.ActiveCfg = Release|Any CPU
		{29EF8AA0-51FC-455E-A0B0-81E30F35A526}.Release|Any CPU.Build.0 = Release|Any CPU
		{86D3C834-4D82-4B19-8ACC-C8CA4C45FD39}.Debug|Any CPU.ActiveCfg = Debug|Any CPU
		{86D3C834-4D82-4B19-8ACC-C8CA4C45FD39}.Debug|Any CPU.Build.0 = Debug|Any CPU
		{86D3C834-4D82-4B19-8ACC-C8CA4C45FD39}.Release|Any CPU.ActiveCfg = Release|Any CPU
		{86D3C834-4D82-4B19-8ACC-C8CA4C45FD39}.Release|Any CPU.Build.0 = Release|Any CPU
		{E13A4E16-C4DB-4CEA-9405-6DFAF1DE1FBB}.Debug|Any CPU.ActiveCfg = Debug|Any CPU
		{E13A4E16-C4DB-4CEA-9405-6DFAF1DE1FBB}.Debug|Any CPU.Build.0 = Debug|Any CPU
		{E13A4E16-C4DB-4CEA-9405-6DFAF1DE1FBB}.Release|Any CPU.ActiveCfg = Release|Any CPU
		{E13A4E16-C4DB-4CEA-9405-6DFAF1DE1FBB}.Release|Any CPU.Build.0 = Release|Any CPU
		{4F48B1CA-3621-4B84-9317-9DD5B67C6B23}.Debug|Any CPU.ActiveCfg = Debug|Any CPU
		{4F48B1CA-3621-4B84-9317-9DD5B67C6B23}.Debug|Any CPU.Build.0 = Debug|Any CPU
		{4F48B1CA-3621-4B84-9317-9DD5B67C6B23}.Release|Any CPU.ActiveCfg = Release|Any CPU
		{4F48B1CA-3621-4B84-9317-9DD5B67C6B23}.Release|Any CPU.Build.0 = Release|Any CPU
	EndGlobalSection
	GlobalSection(SolutionProperties) = preSolution
		HideSolutionNode = FALSE
	EndGlobalSection
	GlobalSection(ExtensibilityGlobals) = postSolution
		SolutionGuid = {21DA2E40-98D9-4EF2-89DC-C8DDF790F0F9}
	EndGlobalSection
EndGlobal
